{
  "name": "behaveplus-cemml",
  "version": "0.1.1",
  "lockfileVersion": 1,
  "requires": true,
  "dependencies": {
    "@cbevins/behaveplus-radical": {
      "version": "0.3.2",
      "resolved": "https://npm.pkg.github.com/download/@cbevins/behaveplus-radical/0.3.2/c3d832d08ad0d402094a0371222480995e10c987070c164b30c4169d341b0884",
      "integrity": "sha512-8x1FlecMVmk0vCkPNOGihfGLTZIALt5efA92zm9fHPFE7EJW8zJzYBKKxKQo6arA9JiT/JA3nlp60LlXuAe/rw=="
    }
  }
}
