{
  "name": "cemml",
  "version": "0.1.0",
  "lockfileVersion": 1,
  "requires": true,
  "dependencies": {
    "@cbevins/behaveplus-radical": {
      "version": "0.2.0",
      "resolved": "https://npm.pkg.github.com/download/@cbevins/behaveplus-radical/0.2.0/dfb0e2e096d75134c792b62212a3be4fe6b7b6bc1a61fd105512f6c0040cb10d",
      "integrity": "sha512-iXsE1FcVStfFEb2PeiV4+PteVuNNz+ChbKu5uWQhfeNSCmYCV27QiYQP8Xd9hm47SpKZ1swohLBvGLm31V8QOA=="
    }
  }
}
